PODS:
  - AWSCore (2.33.4)
  - AWSSNS (2.33.4):
    - AWSCore (= 2.33.4)

DEPENDENCIES:
  - AWSCore
  - AWSSNS

SPEC REPOS:
  trunk:
    - AWSCore
    - AWSSNS

SPEC CHECKSUMS:
  AWSCore: 83e3416d2224ba98b61d8eadcfcb1f90f48fab82
  AWSSNS: 42e957fa4e6c28d60d07c02db0ef8dea171cb055

PODFILE CHECKSUM: 609a03f5670084bd74a0bf83c3d1953c5dd95955

COCOAPODS: 1.13.0
