// !$*UTF8*$!
{
	archiveVersion = 1;
	classes = {
	};
	objectVersion = 56;
	objects = {

/* Begin PBXBuildFile section */
		0E09BF30668C892DDE7B090B /* Pods_home_sensor_ios_home_sensor_iosUITests.framework in Frameworks */ = {isa = PBXBuildFile; fileRef = B7CFF44E9CE817514DA290C8 /* Pods_home_sensor_ios_home_sensor_iosUITests.framework */; };
		149002D7F8D1190473AD7600 /* (null) in Frameworks */ = {isa = PBXBuildFile; };
		9805389E2CD17EA640A672AD /* Pods_home_sensor_iosTests.framework in Frameworks */ = {isa = PBXBuildFile; fileRef = 3C51015D461858CA9A536062 /* Pods_home_sensor_iosTests.framework */; };
		AD615C6C2AD41D000092DD16 /* AppDelegate.swift in Sources */ = {isa = PBXBuildFile; fileRef = AD615C6B2AD41D000092DD16 /* AppDelegate.swift */; };
		AD615C6E2AD41E1D0092DD16 /* AppDelegate+Notification.swift in Sources */ = {isa = PBXBuildFile; fileRef = AD615C6D2AD41E1D0092DD16 /* AppDelegate+Notification.swift */; };
		AD615C712AD4B2D10092DD16 /* NotificationsManager.swift in Sources */ = {isa = PBXBuildFile; fileRef = AD615C702AD4B2D10092DD16 /* NotificationsManager.swift */; };
		AD615C742AD4B3260092DD16 /* NotificationManagerTests.swift in Sources */ = {isa = PBXBuildFile; fileRef = AD615C732AD4B3260092DD16 /* NotificationManagerTests.swift */; };
		AD615C772AD4B6A10092DD16 /* Environment.swift in Sources */ = {isa = PBXBuildFile; fileRef = AD615C762AD4B6A10092DD16 /* Environment.swift */; };
		AD615C7F2AD6B7960092DD16 /* SNSManager.swift in Sources */ = {isa = PBXBuildFile; fileRef = AD615C782AD6B2990092DD16 /* SNSManager.swift */; };
		AD615C822AD6BE880092DD16 /* UserNotificationCenter.swift in Sources */ = {isa = PBXBuildFile; fileRef = AD615C812AD6BE880092DD16 /* UserNotificationCenter.swift */; };
		AD615C882AD6BF770092DD16 /* Application.swift in Sources */ = {isa = PBXBuildFile; fileRef = AD615C872AD6BF770092DD16 /* Application.swift */; };
		AD615C8B2AD6C03D0092DD16 /* MockUserNotificationCenter.swift in Sources */ = {isa = PBXBuildFile; fileRef = AD615C852AD6BF6B0092DD16 /* MockUserNotificationCenter.swift */; };
		AD615C8C2AD6C0410092DD16 /* MockApplication.swift in Sources */ = {isa = PBXBuildFile; fileRef = AD615C892AD6BF9F0092DD16 /* MockApplication.swift */; };
		AD615C8F2AD803BB0092DD16 /* NotificationSettings.swift in Sources */ = {isa = PBXBuildFile; fileRef = AD615C8D2AD802B80092DD16 /* NotificationSettings.swift */; };
		AD615C902AD803D50092DD16 /* UserNotificationCenter.swift in Sources */ = {isa = PBXBuildFile; fileRef = AD615C812AD6BE880092DD16 /* UserNotificationCenter.swift */; };
		AD615C912AD8052F0092DD16 /* Application.swift in Sources */ = {isa = PBXBuildFile; fileRef = AD615C872AD6BF770092DD16 /* Application.swift */; };
		AD615C922AD805EE0092DD16 /* NotificationsManager.swift in Sources */ = {isa = PBXBuildFile; fileRef = AD615C702AD4B2D10092DD16 /* NotificationsManager.swift */; };
		AD615C942AD813720092DD16 /* Environment.swift in Sources */ = {isa = PBXBuildFile; fileRef = AD615C762AD4B6A10092DD16 /* Environment.swift */; };
		AD615C962AD815DF0092DD16 /* MockNotificationSettings.swift in Sources */ = {isa = PBXBuildFile; fileRef = AD615C952AD815DF0092DD16 /* MockNotificationSettings.swift */; };
		AD615C972AD817FB0092DD16 /* NotificationSettings.swift in Sources */ = {isa = PBXBuildFile; fileRef = AD615C8D2AD802B80092DD16 /* NotificationSettings.swift */; };
		AD7095A02AD18955003C3C74 /* Assets.xcassets in Resources */ = {isa = PBXBuildFile; fileRef = AD70959F2AD18955003C3C74 /* Assets.xcassets */; };
		AD7095A32AD18955003C3C74 /* Preview Assets.xcassets in Resources */ = {isa = PBXBuildFile; fileRef = AD7095A22AD18955003C3C74 /* Preview Assets.xcassets */; };
		AD7095AD2AD18955003C3C74 /* home_sensor_iosTests.swift in Sources */ = {isa = PBXBuildFile; fileRef = AD7095AC2AD18955003C3C74 /* home_sensor_iosTests.swift */; };
		AD7095B72AD18955003C3C74 /* home_sensor_iosUITests.swift in Sources */ = {isa = PBXBuildFile; fileRef = AD7095B62AD18955003C3C74 /* home_sensor_iosUITests.swift */; };
		AD7095B92AD18955003C3C74 /* home_sensor_iosUITestsLaunchTests.swift in Sources */ = {isa = PBXBuildFile; fileRef = AD7095B82AD18955003C3C74 /* home_sensor_iosUITestsLaunchTests.swift */; };
/* End PBXBuildFile section */

/* Begin PBXContainerItemProxy section */
		AD7095A92AD18955003C3C74 /* PBXContainerItemProxy */ = {
			isa = PBXContainerItemProxy;
			containerPortal = AD7095902AD18952003C3C74 /* Project object */;
			proxyType = 1;
			remoteGlobalIDString = AD7095972AD18952003C3C74;
			remoteInfo = "home-sensor-ios";
		};
		AD7095B32AD18955003C3C74 /* PBXContainerItemProxy */ = {
			isa = PBXContainerItemProxy;
			containerPortal = AD7095902AD18952003C3C74 /* Project object */;
			proxyType = 1;
			remoteGlobalIDString = AD7095972AD18952003C3C74;
			remoteInfo = "home-sensor-ios";
		};
/* End PBXContainerItemProxy section */

/* Begin PBXFileReference section */
		3C51015D461858CA9A536062 /* Pods_home_sensor_iosTests.framework */ = {isa = PBXFileReference; explicitFileType = wrapper.framework; includeInIndex = 0; path = Pods_home_sensor_iosTests.framework; sourceTree = BUILT_PRODUCTS_DIR; };
		49BCB93682A096FE62726061 /* Pods-home-sensor-ios-home-sensor-iosUITests.release.xcconfig */ = {isa = PBXFileReference; includeInIndex = 1; lastKnownFileType = text.xcconfig; name = "Pods-home-sensor-ios-home-sensor-iosUITests.release.xcconfig"; path = "Target Support Files/Pods-home-sensor-ios-home-sensor-iosUITests/Pods-home-sensor-ios-home-sensor-iosUITests.release.xcconfig"; sourceTree = "<group>"; };
		9A89E93DCCA60799B6CCB376 /* Pods-home-sensor-ios-home-sensor-iosUITests.debug.xcconfig */ = {isa = PBXFileReference; includeInIndex = 1; lastKnownFileType = text.xcconfig; name = "Pods-home-sensor-ios-home-sensor-iosUITests.debug.xcconfig"; path = "Target Support Files/Pods-home-sensor-ios-home-sensor-iosUITests/Pods-home-sensor-ios-home-sensor-iosUITests.debug.xcconfig"; sourceTree = "<group>"; };
		9D88FABF09CBCA90B4B52D7A /* Pods-home-sensor-iosTests.release.xcconfig */ = {isa = PBXFileReference; includeInIndex = 1; lastKnownFileType = text.xcconfig; name = "Pods-home-sensor-iosTests.release.xcconfig"; path = "Target Support Files/Pods-home-sensor-iosTests/Pods-home-sensor-iosTests.release.xcconfig"; sourceTree = "<group>"; };
		AD615C6B2AD41D000092DD16 /* AppDelegate.swift */ = {isa = PBXFileReference; lastKnownFileType = sourcecode.swift; path = AppDelegate.swift; sourceTree = "<group>"; };
		AD615C6D2AD41E1D0092DD16 /* AppDelegate+Notification.swift */ = {isa = PBXFileReference; lastKnownFileType = sourcecode.swift; path = "AppDelegate+Notification.swift"; sourceTree = "<group>"; };
		AD615C702AD4B2D10092DD16 /* NotificationsManager.swift */ = {isa = PBXFileReference; lastKnownFileType = sourcecode.swift; path = NotificationsManager.swift; sourceTree = "<group>"; };
		AD615C732AD4B3260092DD16 /* NotificationManagerTests.swift */ = {isa = PBXFileReference; lastKnownFileType = sourcecode.swift; path = NotificationManagerTests.swift; sourceTree = "<group>"; };
		AD615C762AD4B6A10092DD16 /* Environment.swift */ = {isa = PBXFileReference; lastKnownFileType = sourcecode.swift; path = Environment.swift; sourceTree = "<group>"; };
		AD615C782AD6B2990092DD16 /* SNSManager.swift */ = {isa = PBXFileReference; lastKnownFileType = sourcecode.swift; path = SNSManager.swift; sourceTree = "<group>"; };
		AD615C812AD6BE880092DD16 /* UserNotificationCenter.swift */ = {isa = PBXFileReference; lastKnownFileType = sourcecode.swift; path = UserNotificationCenter.swift; sourceTree = "<group>"; };
		AD615C852AD6BF6B0092DD16 /* MockUserNotificationCenter.swift */ = {isa = PBXFileReference; lastKnownFileType = sourcecode.swift; path = MockUserNotificationCenter.swift; sourceTree = "<group>"; };
		AD615C872AD6BF770092DD16 /* Application.swift */ = {isa = PBXFileReference; lastKnownFileType = sourcecode.swift; path = Application.swift; sourceTree = "<group>"; };
		AD615C892AD6BF9F0092DD16 /* MockApplication.swift */ = {isa = PBXFileReference; lastKnownFileType = sourcecode.swift; path = MockApplication.swift; sourceTree = "<group>"; };
		AD615C8D2AD802B80092DD16 /* NotificationSettings.swift */ = {isa = PBXFileReference; lastKnownFileType = sourcecode.swift; path = NotificationSettings.swift; sourceTree = "<group>"; };
		AD615C952AD815DF0092DD16 /* MockNotificationSettings.swift */ = {isa = PBXFileReference; lastKnownFileType = sourcecode.swift; path = MockNotificationSettings.swift; sourceTree = "<group>"; };
		AD7095982AD18952003C3C74 /* home-sensor-ios.app */ = {isa = PBXFileReference; explicitFileType = wrapper.application; includeInIndex = 0; path = "home-sensor-ios.app"; sourceTree = BUILT_PRODUCTS_DIR; };
		AD70959F2AD18955003C3C74 /* Assets.xcassets */ = {isa = PBXFileReference; lastKnownFileType = folder.assetcatalog; path = Assets.xcassets; sourceTree = "<group>"; };
		AD7095A22AD18955003C3C74 /* Preview Assets.xcassets */ = {isa = PBXFileReference; lastKnownFileType = folder.assetcatalog; path = "Preview Assets.xcassets"; sourceTree = "<group>"; };
		AD7095A82AD18955003C3C74 /* home-sensor-iosTests.xctest */ = {isa = PBXFileReference; explicitFileType = wrapper.cfbundle; includeInIndex = 0; path = "home-sensor-iosTests.xctest"; sourceTree = BUILT_PRODUCTS_DIR; };
		AD7095AC2AD18955003C3C74 /* home_sensor_iosTests.swift */ = {isa = PBXFileReference; lastKnownFileType = sourcecode.swift; path = home_sensor_iosTests.swift; sourceTree = "<group>"; };
		AD7095B22AD18955003C3C74 /* home-sensor-iosUITests.xctest */ = {isa = PBXFileReference; explicitFileType = wrapper.cfbundle; includeInIndex = 0; path = "home-sensor-iosUITests.xctest"; sourceTree = BUILT_PRODUCTS_DIR; };
		AD7095B62AD18955003C3C74 /* home_sensor_iosUITests.swift */ = {isa = PBXFileReference; lastKnownFileType = sourcecode.swift; path = home_sensor_iosUITests.swift; sourceTree = "<group>"; };
		AD7095B82AD18955003C3C74 /* home_sensor_iosUITestsLaunchTests.swift */ = {isa = PBXFileReference; lastKnownFileType = sourcecode.swift; path = home_sensor_iosUITestsLaunchTests.swift; sourceTree = "<group>"; };
		B7CFF44E9CE817514DA290C8 /* Pods_home_sensor_ios_home_sensor_iosUITests.framework */ = {isa = PBXFileReference; explicitFileType = wrapper.framework; includeInIndex = 0; path = Pods_home_sensor_ios_home_sensor_iosUITests.framework; sourceTree = BUILT_PRODUCTS_DIR; };
		C03160B2EED79DE94629F98D /* Pods-home-sensor-ios.release.xcconfig */ = {isa = PBXFileReference; includeInIndex = 1; lastKnownFileType = text.xcconfig; name = "Pods-home-sensor-ios.release.xcconfig"; path = "Target Support Files/Pods-home-sensor-ios/Pods-home-sensor-ios.release.xcconfig"; sourceTree = "<group>"; };
		DDF4E2590970AAA4EED581B9 /* Pods-home-sensor-ios.debug.xcconfig */ = {isa = PBXFileReference; includeInIndex = 1; lastKnownFileType = text.xcconfig; name = "Pods-home-sensor-ios.debug.xcconfig"; path = "Target Support Files/Pods-home-sensor-ios/Pods-home-sensor-ios.debug.xcconfig"; sourceTree = "<group>"; };
		FF7F739D2F61C3EBB8436F1A /* Pods-home-sensor-iosTests.debug.xcconfig */ = {isa = PBXFileReference; includeInIndex = 1; lastKnownFileType = text.xcconfig; name = "Pods-home-sensor-iosTests.debug.xcconfig"; path = "Target Support Files/Pods-home-sensor-iosTests/Pods-home-sensor-iosTests.debug.xcconfig"; sourceTree = "<group>"; };
/* End PBXFileReference section */

/* Begin PBXFrameworksBuildPhase section */
		AD7095952AD18952003C3C74 /* Frameworks */ = {
			isa = PBXFrameworksBuildPhase;
			buildActionMask = 2147483647;
			files = (
				149002D7F8D1190473AD7600 /* (null) in Frameworks */,
			);
			runOnlyForDeploymentPostprocessing = 0;
		};
		AD7095A52AD18955003C3C74 /* Frameworks */ = {
			isa = PBXFrameworksBuildPhase;
			buildActionMask = 2147483647;
			files = (
				9805389E2CD17EA640A672AD /* Pods_home_sensor_iosTests.framework in Frameworks */,
			);
			runOnlyForDeploymentPostprocessing = 0;
		};
		AD7095AF2AD18955003C3C74 /* Frameworks */ = {
			isa = PBXFrameworksBuildPhase;
			buildActionMask = 2147483647;
			files = (
				0E09BF30668C892DDE7B090B /* Pods_home_sensor_ios_home_sensor_iosUITests.framework in Frameworks */,
			);
			runOnlyForDeploymentPostprocessing = 0;
		};
/* End PBXFrameworksBuildPhase section */

/* Begin PBXGroup section */
		AD615C6F2AD4B2C00092DD16 /* Managers */ = {
			isa = PBXGroup;
			children = (
				AD615C782AD6B2990092DD16 /* SNSManager.swift */,
				AD615C702AD4B2D10092DD16 /* NotificationsManager.swift */,
			);
			path = Managers;
			sourceTree = "<group>";
		};
		AD615C722AD4B3130092DD16 /* Managers */ = {
			isa = PBXGroup;
			children = (
				AD615C732AD4B3260092DD16 /* NotificationManagerTests.swift */,
			);
			path = Managers;
			sourceTree = "<group>";
		};
		AD615C752AD4B6950092DD16 /* Common */ = {
			isa = PBXGroup;
			children = (
				AD615C802AD6BE750092DD16 /* Protocols */,
				AD615C762AD4B6A10092DD16 /* Environment.swift */,
			);
			path = Common;
			sourceTree = "<group>";
		};
		AD615C802AD6BE750092DD16 /* Protocols */ = {
			isa = PBXGroup;
			children = (
				AD615C812AD6BE880092DD16 /* UserNotificationCenter.swift */,
				AD615C872AD6BF770092DD16 /* Application.swift */,
				AD615C8D2AD802B80092DD16 /* NotificationSettings.swift */,
			);
			path = Protocols;
			sourceTree = "<group>";
		};
		AD615C832AD6BF480092DD16 /* Tests */ = {
			isa = PBXGroup;
			children = (
				AD615C842AD6BF4D0092DD16 /* Mocks */,
			);
			path = Tests;
			sourceTree = "<group>";
		};
		AD615C842AD6BF4D0092DD16 /* Mocks */ = {
			isa = PBXGroup;
			children = (
				AD615C852AD6BF6B0092DD16 /* MockUserNotificationCenter.swift */,
				AD615C892AD6BF9F0092DD16 /* MockApplication.swift */,
				AD615C952AD815DF0092DD16 /* MockNotificationSettings.swift */,
			);
			path = Mocks;
			sourceTree = "<group>";
		};
		AD70958F2AD18952003C3C74 = {
			isa = PBXGroup;
			children = (
				AD615C832AD6BF480092DD16 /* Tests */,
				AD70959A2AD18952003C3C74 /* home-sensor-ios */,
				AD7095AB2AD18955003C3C74 /* home-sensor-iosTests */,
				AD7095B52AD18955003C3C74 /* home-sensor-iosUITests */,
				AD7095992AD18952003C3C74 /* Products */,
				B4224FCF6F221A4920EE910C /* Pods */,
				DFD1B9AF37D827BEB985B9D0 /* Frameworks */,
			);
			sourceTree = "<group>";
		};
		AD7095992AD18952003C3C74 /* Products */ = {
			isa = PBXGroup;
			children = (
				AD7095982AD18952003C3C74 /* home-sensor-ios.app */,
				AD7095A82AD18955003C3C74 /* home-sensor-iosTests.xctest */,
				AD7095B22AD18955003C3C74 /* home-sensor-iosUITests.xctest */,
			);
			name = Products;
			sourceTree = "<group>";
		};
		AD70959A2AD18952003C3C74 /* home-sensor-ios */ = {
			isa = PBXGroup;
			children = (
				AD615C752AD4B6950092DD16 /* Common */,
				AD615C6F2AD4B2C00092DD16 /* Managers */,
				AD70959F2AD18955003C3C74 /* Assets.xcassets */,
				AD7095A12AD18955003C3C74 /* Preview Content */,
				AD615C6B2AD41D000092DD16 /* AppDelegate.swift */,
				AD615C6D2AD41E1D0092DD16 /* AppDelegate+Notification.swift */,
			);
			path = "home-sensor-ios";
			sourceTree = "<group>";
		};
		AD7095A12AD18955003C3C74 /* Preview Content */ = {
			isa = PBXGroup;
			children = (
				AD7095A22AD18955003C3C74 /* Preview Assets.xcassets */,
			);
			path = "Preview Content";
			sourceTree = "<group>";
		};
		AD7095AB2AD18955003C3C74 /* home-sensor-iosTests */ = {
			isa = PBXGroup;
			children = (
				AD615C722AD4B3130092DD16 /* Managers */,
				AD7095AC2AD18955003C3C74 /* home_sensor_iosTests.swift */,
			);
			path = "home-sensor-iosTests";
			sourceTree = "<group>";
		};
		AD7095B52AD18955003C3C74 /* home-sensor-iosUITests */ = {
			isa = PBXGroup;
			children = (
				AD7095B62AD18955003C3C74 /* home_sensor_iosUITests.swift */,
				AD7095B82AD18955003C3C74 /* home_sensor_iosUITestsLaunchTests.swift */,
			);
			path = "home-sensor-iosUITests";
			sourceTree = "<group>";
		};
		B4224FCF6F221A4920EE910C /* Pods */ = {
			isa = PBXGroup;
			children = (
				DDF4E2590970AAA4EED581B9 /* Pods-home-sensor-ios.debug.xcconfig */,
				C03160B2EED79DE94629F98D /* Pods-home-sensor-ios.release.xcconfig */,
				9A89E93DCCA60799B6CCB376 /* Pods-home-sensor-ios-home-sensor-iosUITests.debug.xcconfig */,
				49BCB93682A096FE62726061 /* Pods-home-sensor-ios-home-sensor-iosUITests.release.xcconfig */,
				FF7F739D2F61C3EBB8436F1A /* Pods-home-sensor-iosTests.debug.xcconfig */,
				9D88FABF09CBCA90B4B52D7A /* Pods-home-sensor-iosTests.release.xcconfig */,
			);
			path = Pods;
			sourceTree = "<group>";
		};
		DFD1B9AF37D827BEB985B9D0 /* Frameworks */ = {
			isa = PBXGroup;
			children = (
				B7CFF44E9CE817514DA290C8 /* Pods_home_sensor_ios_home_sensor_iosUITests.framework */,
				3C51015D461858CA9A536062 /* Pods_home_sensor_iosTests.framework */,
			);
			name = Frameworks;
			sourceTree = "<group>";
		};
/* End PBXGroup section */

/* Begin PBXNativeTarget section */
		AD7095972AD18952003C3C74 /* home-sensor-ios */ = {
			isa = PBXNativeTarget;
			buildConfigurationList = AD7095BC2AD18955003C3C74 /* Build configuration list for PBXNativeTarget "home-sensor-ios" */;
			buildPhases = (
				072CB0139736ED0BB3F0A952 /* [CP] Check Pods Manifest.lock */,
				AD7095942AD18952003C3C74 /* Sources */,
				AD7095952AD18952003C3C74 /* Frameworks */,
				AD7095962AD18952003C3C74 /* Resources */,
				E3BBF08E5960F9F3D6C1902D /* [CP] Embed Pods Frameworks */,
			);
			buildRules = (
			);
			dependencies = (
			);
			name = "home-sensor-ios";
			productName = "home-sensor-ios";
			productReference = AD7095982AD18952003C3C74 /* home-sensor-ios.app */;
			productType = "com.apple.product-type.application";
		};
		AD7095A72AD18955003C3C74 /* home-sensor-iosTests */ = {
			isa = PBXNativeTarget;
			buildConfigurationList = AD7095BF2AD18955003C3C74 /* Build configuration list for PBXNativeTarget "home-sensor-iosTests" */;
			buildPhases = (
				EC9EE522EA98A0825D8D1AAC /* [CP] Check Pods Manifest.lock */,
				AD7095A42AD18955003C3C74 /* Sources */,
				AD7095A52AD18955003C3C74 /* Frameworks */,
				AD7095A62AD18955003C3C74 /* Resources */,
			);
			buildRules = (
			);
			dependencies = (
				AD7095AA2AD18955003C3C74 /* PBXTargetDependency */,
			);
			name = "home-sensor-iosTests";
			productName = "home-sensor-iosTests";
			productReference = AD7095A82AD18955003C3C74 /* home-sensor-iosTests.xctest */;
			productType = "com.apple.product-type.bundle.unit-test";
		};
		AD7095B12AD18955003C3C74 /* home-sensor-iosUITests */ = {
			isa = PBXNativeTarget;
			buildConfigurationList = AD7095C22AD18955003C3C74 /* Build configuration list for PBXNativeTarget "home-sensor-iosUITests" */;
			buildPhases = (
				817F19BA2B347FB9FC53586C /* [CP] Check Pods Manifest.lock */,
				AD7095AE2AD18955003C3C74 /* Sources */,
				AD7095AF2AD18955003C3C74 /* Frameworks */,
				AD7095B02AD18955003C3C74 /* Resources */,
				20E0140027E7709C85320E31 /* [CP] Embed Pods Frameworks */,
			);
			buildRules = (
			);
			dependencies = (
				AD7095B42AD18955003C3C74 /* PBXTargetDependency */,
			);
			name = "home-sensor-iosUITests";
			productName = "home-sensor-iosUITests";
			productReference = AD7095B22AD18955003C3C74 /* home-sensor-iosUITests.xctest */;
			productType = "com.apple.product-type.bundle.ui-testing";
		};
/* End PBXNativeTarget section */

/* Begin PBXProject section */
		AD7095902AD18952003C3C74 /* Project object */ = {
			isa = PBXProject;
			attributes = {
				BuildIndependentTargetsInParallel = 1;
				LastSwiftUpdateCheck = 1500;
				LastUpgradeCheck = 1500;
				TargetAttributes = {
					AD7095972AD18952003C3C74 = {
						CreatedOnToolsVersion = 15.0;
					};
					AD7095A72AD18955003C3C74 = {
						CreatedOnToolsVersion = 15.0;
						TestTargetID = AD7095972AD18952003C3C74;
					};
					AD7095B12AD18955003C3C74 = {
						CreatedOnToolsVersion = 15.0;
						TestTargetID = AD7095972AD18952003C3C74;
					};
				};
			};
			buildConfigurationList = AD7095932AD18952003C3C74 /* Build configuration list for PBXProject "home-sensor-ios" */;
			compatibilityVersion = "Xcode 14.0";
			developmentRegion = en;
			hasScannedForEncodings = 0;
			knownRegions = (
				en,
				Base,
			);
			mainGroup = AD70958F2AD18952003C3C74;
			productRefGroup = AD7095992AD18952003C3C74 /* Products */;
			projectDirPath = "";
			projectRoot = "";
			targets = (
				AD7095972AD18952003C3C74 /* home-sensor-ios */,
				AD7095A72AD18955003C3C74 /* home-sensor-iosTests */,
				AD7095B12AD18955003C3C74 /* home-sensor-iosUITests */,
			);
		};
/* End PBXProject section */

/* Begin PBXResourcesBuildPhase section */
		AD7095962AD18952003C3C74 /* Resources */ = {
			isa = PBXResourcesBuildPhase;
			buildActionMask = 2147483647;
			files = (
				AD7095A32AD18955003C3C74 /* Preview Assets.xcassets in Resources */,
				AD7095A02AD18955003C3C74 /* Assets.xcassets in Resources */,
			);
			runOnlyForDeploymentPostprocessing = 0;
		};
		AD7095A62AD18955003C3C74 /* Resources */ = {
			isa = PBXResourcesBuildPhase;
			buildActionMask = 2147483647;
			files = (
			);
			runOnlyForDeploymentPostprocessing = 0;
		};
		AD7095B02AD18955003C3C74 /* Resources */ = {
			isa = PBXResourcesBuildPhase;
			buildActionMask = 2147483647;
			files = (
			);
			runOnlyForDeploymentPostprocessing = 0;
		};
/* End PBXResourcesBuildPhase section */

/* Begin PBXShellScriptBuildPhase section */
		072CB0139736ED0BB3F0A952 /* [CP] Check Pods Manifest.lock */ = {
			isa = PBXShellScriptBuildPhase;
			buildActionMask = 2147483647;
			files = (
			);
			inputFileListPaths = (
			);
			inputPaths = (
				"${PODS_PODFILE_DIR_PATH}/Podfile.lock",
				"${PODS_ROOT}/Manifest.lock",
			);
			name = "[CP] Check Pods Manifest.lock";
			outputFileListPaths = (
			);
			outputPaths = (
				"$(DERIVED_FILE_DIR)/Pods-home-sensor-ios-checkManifestLockResult.txt",
			);
			runOnlyForDeploymentPostprocessing = 0;
			shellPath = /bin/sh;
			shellScript = "diff \"${PODS_PODFILE_DIR_PATH}/Podfile.lock\" \"${PODS_ROOT}/Manifest.lock\" > /dev/null\nif [ $? != 0 ] ; then\n    # print error to STDERR\n    echo \"error: The sandbox is not in sync with the Podfile.lock. Run 'pod install' or update your CocoaPods installation.\" >&2\n    exit 1\nfi\n# This output is used by Xcode 'outputs' to avoid re-running this script phase.\necho \"SUCCESS\" > \"${SCRIPT_OUTPUT_FILE_0}\"\n";
			showEnvVarsInLog = 0;
		};
		20E0140027E7709C85320E31 /* [CP] Embed Pods Frameworks */ = {
			isa = PBXShellScriptBuildPhase;
			buildActionMask = 2147483647;
			files = (
			);
			inputFileListPaths = (
				"${PODS_ROOT}/Target Support Files/Pods-home-sensor-ios-home-sensor-iosUITests/Pods-home-sensor-ios-home-sensor-iosUITests-frameworks-${CONFIGURATION}-input-files.xcfilelist",
			);
			name = "[CP] Embed Pods Frameworks";
			outputFileListPaths = (
				"${PODS_ROOT}/Target Support Files/Pods-home-sensor-ios-home-sensor-iosUITests/Pods-home-sensor-ios-home-sensor-iosUITests-frameworks-${CONFIGURATION}-output-files.xcfilelist",
			);
			runOnlyForDeploymentPostprocessing = 0;
			shellPath = /bin/sh;
			shellScript = "\"${PODS_ROOT}/Target Support Files/Pods-home-sensor-ios-home-sensor-iosUITests/Pods-home-sensor-ios-home-sensor-iosUITests-frameworks.sh\"\n";
			showEnvVarsInLog = 0;
		};
		817F19BA2B347FB9FC53586C /* [CP] Check Pods Manifest.lock */ = {
			isa = PBXShellScriptBuildPhase;
			buildActionMask = 2147483647;
			files = (
			);
			inputFileListPaths = (
			);
			inputPaths = (
				"${PODS_PODFILE_DIR_PATH}/Podfile.lock",
				"${PODS_ROOT}/Manifest.lock",
			);
			name = "[CP] Check Pods Manifest.lock";
			outputFileListPaths = (
			);
			outputPaths = (
				"$(DERIVED_FILE_DIR)/Pods-home-sensor-ios-home-sensor-iosUITests-checkManifestLockResult.txt",
			);
			runOnlyForDeploymentPostprocessing = 0;
			shellPath = /bin/sh;
			shellScript = "diff \"${PODS_PODFILE_DIR_PATH}/Podfile.lock\" \"${PODS_ROOT}/Manifest.lock\" > /dev/null\nif [ $? != 0 ] ; then\n    # print error to STDERR\n    echo \"error: The sandbox is not in sync with the Podfile.lock. Run 'pod install' or update your CocoaPods installation.\" >&2\n    exit 1\nfi\n# This output is used by Xcode 'outputs' to avoid re-running this script phase.\necho \"SUCCESS\" > \"${SCRIPT_OUTPUT_FILE_0}\"\n";
			showEnvVarsInLog = 0;
		};
		E3BBF08E5960F9F3D6C1902D /* [CP] Embed Pods Frameworks */ = {
			isa = PBXShellScriptBuildPhase;
			buildActionMask = 2147483647;
			files = (
			);
			inputFileListPaths = (
				"${PODS_ROOT}/Target Support Files/Pods-home-sensor-ios/Pods-home-sensor-ios-frameworks-${CONFIGURATION}-input-files.xcfilelist",
			);
			name = "[CP] Embed Pods Frameworks";
			outputFileListPaths = (
				"${PODS_ROOT}/Target Support Files/Pods-home-sensor-ios/Pods-home-sensor-ios-frameworks-${CONFIGURATION}-output-files.xcfilelist",
			);
			runOnlyForDeploymentPostprocessing = 0;
			shellPath = /bin/sh;
			shellScript = "\"${PODS_ROOT}/Target Support Files/Pods-home-sensor-ios/Pods-home-sensor-ios-frameworks.sh\"\n";
			showEnvVarsInLog = 0;
		};
		EC9EE522EA98A0825D8D1AAC /* [CP] Check Pods Manifest.lock */ = {
			isa = PBXShellScriptBuildPhase;
			buildActionMask = 2147483647;
			files = (
			);
			inputFileListPaths = (
			);
			inputPaths = (
				"${PODS_PODFILE_DIR_PATH}/Podfile.lock",
				"${PODS_ROOT}/Manifest.lock",
			);
			name = "[CP] Check Pods Manifest.lock";
			outputFileListPaths = (
			);
			outputPaths = (
				"$(DERIVED_FILE_DIR)/Pods-home-sensor-iosTests-checkManifestLockResult.txt",
			);
			runOnlyForDeploymentPostprocessing = 0;
			shellPath = /bin/sh;
			shellScript = "diff \"${PODS_PODFILE_DIR_PATH}/Podfile.lock\" \"${PODS_ROOT}/Manifest.lock\" > /dev/null\nif [ $? != 0 ] ; then\n    # print error to STDERR\n    echo \"error: The sandbox is not in sync with the Podfile.lock. Run 'pod install' or update your CocoaPods installation.\" >&2\n    exit 1\nfi\n# This output is used by Xcode 'outputs' to avoid re-running this script phase.\necho \"SUCCESS\" > \"${SCRIPT_OUTPUT_FILE_0}\"\n";
			showEnvVarsInLog = 0;
		};
/* End PBXShellScriptBuildPhase section */

/* Begin PBXSourcesBuildPhase section */
		AD7095942AD18952003C3C74 /* Sources */ = {
			isa = PBXSourcesBuildPhase;
			buildActionMask = 2147483647;
			files = (
				AD615C882AD6BF770092DD16 /* Application.swift in Sources */,
				AD615C6C2AD41D000092DD16 /* AppDelegate.swift in Sources */,
				AD615C772AD4B6A10092DD16 /* Environment.swift in Sources */,
				AD615C7F2AD6B7960092DD16 /* SNSManager.swift in Sources */,
				AD615C712AD4B2D10092DD16 /* NotificationsManager.swift in Sources */,
				AD615C972AD817FB0092DD16 /* NotificationSettings.swift in Sources */,
				AD615C822AD6BE880092DD16 /* UserNotificationCenter.swift in Sources */,
				AD615C6E2AD41E1D0092DD16 /* AppDelegate+Notification.swift in Sources */,
			);
			runOnlyForDeploymentPostprocessing = 0;
		};
		AD7095A42AD18955003C3C74 /* Sources */ = {
			isa = PBXSourcesBuildPhase;
			buildActionMask = 2147483647;
			files = (
				AD615C8C2AD6C0410092DD16 /* MockApplication.swift in Sources */,
				AD615C912AD8052F0092DD16 /* Application.swift in Sources */,
				AD615C922AD805EE0092DD16 /* NotificationsManager.swift in Sources */,
				AD615C742AD4B3260092DD16 /* NotificationManagerTests.swift in Sources */,
				AD615C942AD813720092DD16 /* Environment.swift in Sources */,
				AD615C902AD803D50092DD16 /* UserNotificationCenter.swift in Sources */,
				AD7095AD2AD18955003C3C74 /* home_sensor_iosTests.swift in Sources */,
				AD615C962AD815DF0092DD16 /* MockNotificationSettings.swift in Sources */,
				AD615C8B2AD6C03D0092DD16 /* MockUserNotificationCenter.swift in Sources */,
				AD615C8F2AD803BB0092DD16 /* NotificationSettings.swift in Sources */,
			);
			runOnlyForDeploymentPostprocessing = 0;
		};
		AD7095AE2AD18955003C3C74 /* Sources */ = {
			isa = PBXSourcesBuildPhase;
			buildActionMask = 2147483647;
			files = (
				AD7095B72AD18955003C3C74 /* home_sensor_iosUITests.swift in Sources */,
				AD7095B92AD18955003C3C74 /* home_sensor_iosUITestsLaunchTests.swift in Sources */,
			);
			runOnlyForDeploymentPostprocessing = 0;
		};
/* End PBXSourcesBuildPhase section */

/* Begin PBXTargetDependency section */
		AD7095AA2AD18955003C3C74 /* PBXTargetDependency */ = {
			isa = PBXTargetDependency;
			target = AD7095972AD18952003C3C74 /* home-sensor-ios */;
			targetProxy = AD7095A92AD18955003C3C74 /* PBXContainerItemProxy */;
		};
		AD7095B42AD18955003C3C74 /* PBXTargetDependency */ = {
			isa = PBXTargetDependency;
			target = AD7095972AD18952003C3C74 /* home-sensor-ios */;
			targetProxy = AD7095B32AD18955003C3C74 /* PBXContainerItemProxy */;
		};
/* End PBXTargetDependency section */

/* Begin XCBuildConfiguration section */
		AD7095BA2AD18955003C3C74 /* Debug */ = {
			isa = XCBuildConfiguration;
			buildSettings = {
				ALWAYS_SEARCH_USER_PATHS = NO;
				ASSETCATALOG_COMPILER_GENERATE_SWIFT_ASSET_SYMBOL_EXTENSIONS = YES;
				CLANG_ANALYZER_NONNULL = YES;
				CLANG_ANALYZER_NUMBER_OBJECT_CONVERSION = YES_AGGRESSIVE;
				CLANG_CXX_LANGUAGE_STANDARD = "gnu++20";
				CLANG_ENABLE_MODULES = YES;
				CLANG_ENABLE_OBJC_ARC = YES;
				CLANG_ENABLE_OBJC_WEAK = YES;
				CLANG_WARN_BLOCK_CAPTURE_AUTORELEASING = YES;
				CLANG_WARN_BOOL_CONVERSION = YES;
				CLANG_WARN_COMMA = YES;
				CLANG_WARN_CONSTANT_CONVERSION = YES;
				CLANG_WARN_DEPRECATED_OBJC_IMPLEMENTATIONS = YES;
				CLANG_WARN_DIRECT_OBJC_ISA_USAGE = YES_ERROR;
				CLANG_WARN_DOCUMENTATION_COMMENTS = YES;
				CLANG_WARN_EMPTY_BODY = YES;
				CLANG_WARN_ENUM_CONVERSION = YES;
				CLANG_WARN_INFINITE_RECURSION = YES;
				CLANG_WARN_INT_CONVERSION = YES;
				CLANG_WARN_NON_LITERAL_NULL_CONVERSION = YES;
				CLANG_WARN_OBJC_IMPLICIT_RETAIN_SELF = YES;
				CLANG_WARN_OBJC_LITERAL_CONVERSION = YES;
				CLANG_WARN_OBJC_ROOT_CLASS = YES_ERROR;
				CLANG_WARN_QUOTED_INCLUDE_IN_FRAMEWORK_HEADER = YES;
				CLANG_WARN_RANGE_LOOP_ANALYSIS = YES;
				CLANG_WARN_STRICT_PROTOTYPES = YES;
				CLANG_WARN_SUSPICIOUS_MOVE = YES;
				CLANG_WARN_UNGUARDED_AVAILABILITY = YES_AGGRESSIVE;
				CLANG_WARN_UNREACHABLE_CODE = YES;
				CLANG_WARN__DUPLICATE_METHOD_MATCH = YES;
				COPY_PHASE_STRIP = NO;
				DEBUG_INFORMATION_FORMAT = dwarf;
				ENABLE_STRICT_OBJC_MSGSEND = YES;
				ENABLE_TESTABILITY = YES;
				ENABLE_USER_SCRIPT_SANDBOXING = YES;
				GCC_C_LANGUAGE_STANDARD = gnu17;
				GCC_DYNAMIC_NO_PIC = NO;
				GCC_NO_COMMON_BLOCKS = YES;
				GCC_OPTIMIZATION_LEVEL = 0;
				GCC_PREPROCESSOR_DEFINITIONS = (
					"DEBUG=1",
					"$(inherited)",
				);
				GCC_WARN_64_TO_32_BIT_CONVERSION = YES;
				GCC_WARN_ABOUT_RETURN_TYPE = YES_ERROR;
				GCC_WARN_UNDECLARED_SELECTOR = YES;
				GCC_WARN_UNINITIALIZED_AUTOS = YES_AGGRESSIVE;
				GCC_WARN_UNUSED_FUNCTION = YES;
				GCC_WARN_UNUSED_VARIABLE = YES;
				IPHONEOS_DEPLOYMENT_TARGET = 17.0;
				LOCALIZATION_PREFERS_STRING_CATALOGS = YES;
				MTL_ENABLE_DEBUG_INFO = INCLUDE_SOURCE;
				MTL_FAST_MATH = YES;
				ONLY_ACTIVE_ARCH = YES;
				SDKROOT = iphoneos;
				SWIFT_ACTIVE_COMPILATION_CONDITIONS = "DEBUG $(inherited)";
				SWIFT_OPTIMIZATION_LEVEL = "-Onone";
			};
			name = Debug;
		};
		AD7095BB2AD18955003C3C74 /* Release */ = {
			isa = XCBuildConfiguration;
			buildSettings = {
				ALWAYS_SEARCH_USER_PATHS = NO;
				ASSETCATALOG_COMPILER_GENERATE_SWIFT_ASSET_SYMBOL_EXTENSIONS = YES;
				CLANG_ANALYZER_NONNULL = YES;
				CLANG_ANALYZER_NUMBER_OBJECT_CONVERSION = YES_AGGRESSIVE;
				CLANG_CXX_LANGUAGE_STANDARD = "gnu++20";
				CLANG_ENABLE_MODULES = YES;
				CLANG_ENABLE_OBJC_ARC = YES;
				CLANG_ENABLE_OBJC_WEAK = YES;
				CLANG_WARN_BLOCK_CAPTURE_AUTORELEASING = YES;
				CLANG_WARN_BOOL_CONVERSION = YES;
				CLANG_WARN_COMMA = YES;
				CLANG_WARN_CONSTANT_CONVERSION = YES;
				CLANG_WARN_DEPRECATED_OBJC_IMPLEMENTATIONS = YES;
				CLANG_WARN_DIRECT_OBJC_ISA_USAGE = YES_ERROR;
				CLANG_WARN_DOCUMENTATION_COMMENTS = YES;
				CLANG_WARN_EMPTY_BODY = YES;
				CLANG_WARN_ENUM_CONVERSION = YES;
				CLANG_WARN_INFINITE_RECURSION = YES;
				CLANG_WARN_INT_CONVERSION = YES;
				CLANG_WARN_NON_LITERAL_NULL_CONVERSION = YES;
				CLANG_WARN_OBJC_IMPLICIT_RETAIN_SELF = YES;
				CLANG_WARN_OBJC_LITERAL_CONVERSION = YES;
				CLANG_WARN_OBJC_ROOT_CLASS = YES_ERROR;
				CLANG_WARN_QUOTED_INCLUDE_IN_FRAMEWORK_HEADER = YES;
				CLANG_WARN_RANGE_LOOP_ANALYSIS = YES;
				CLANG_WARN_STRICT_PROTOTYPES = YES;
				CLANG_WARN_SUSPICIOUS_MOVE = YES;
				CLANG_WARN_UNGUARDED_AVAILABILITY = YES_AGGRESSIVE;
				CLANG_WARN_UNREACHABLE_CODE = YES;
				CLANG_WARN__DUPLICATE_METHOD_MATCH = YES;
				COPY_PHASE_STRIP = NO;
				DEBUG_INFORMATION_FORMAT = "dwarf-with-dsym";
				ENABLE_NS_ASSERTIONS = NO;
				ENABLE_STRICT_OBJC_MSGSEND = YES;
				ENABLE_USER_SCRIPT_SANDBOXING = YES;
				GCC_C_LANGUAGE_STANDARD = gnu17;
				GCC_NO_COMMON_BLOCKS = YES;
				GCC_WARN_64_TO_32_BIT_CONVERSION = YES;
				GCC_WARN_ABOUT_RETURN_TYPE = YES_ERROR;
				GCC_WARN_UNDECLARED_SELECTOR = YES;
				GCC_WARN_UNINITIALIZED_AUTOS = YES_AGGRESSIVE;
				GCC_WARN_UNUSED_FUNCTION = YES;
				GCC_WARN_UNUSED_VARIABLE = YES;
				IPHONEOS_DEPLOYMENT_TARGET = 17.0;
				LOCALIZATION_PREFERS_STRING_CATALOGS = YES;
				MTL_ENABLE_DEBUG_INFO = NO;
				MTL_FAST_MATH = YES;
				SDKROOT = iphoneos;
				SWIFT_COMPILATION_MODE = wholemodule;
				VALIDATE_PRODUCT = YES;
			};
			name = Release;
		};
		AD7095BD2AD18955003C3C74 /* Debug */ = {
			isa = XCBuildConfiguration;
			baseConfigurationReference = DDF4E2590970AAA4EED581B9 /* Pods-home-sensor-ios.debug.xcconfig */;
			buildSettings = {
				ASSETCATALOG_COMPILER_APPICON_NAME = AppIcon;
				ASSETCATALOG_COMPILER_GLOBAL_ACCENT_COLOR_NAME = AccentColor;
				CODE_SIGN_STYLE = Automatic;
				CURRENT_PROJECT_VERSION = 1;
				DEVELOPMENT_ASSET_PATHS = "\"home-sensor-ios/Preview Content\"";
				ENABLE_PREVIEWS = YES;
				ENABLE_USER_SCRIPT_SANDBOXING = NO;
				GENERATE_INFOPLIST_FILE = YES;
				INFOPLIST_KEY_UIApplicationSceneManifest_Generation = YES;
				INFOPLIST_KEY_UIApplicationSupportsIndirectInputEvents = YES;
				INFOPLIST_KEY_UILaunchScreen_Generation = YES;
				INFOPLIST_KEY_UISupportedInterfaceOrientations_iPad = "UIInterfaceOrientationPortrait UIInterfaceOrientationPortraitUpsideDown UIInterfaceOrientationLandscapeLeft UIInterfaceOrientationLandscapeRight";
				INFOPLIST_KEY_UISupportedInterfaceOrientations_iPhone = "UIInterfaceOrientationPortrait UIInterfaceOrientationLandscapeLeft UIInterfaceOrientationLandscapeRight";
				LD_RUNPATH_SEARCH_PATHS = (
					"$(inherited)",
					"@executable_path/Frameworks",
				);
				MARKETING_VERSION = 1.0;
				PRODUCT_BUNDLE_IDENTIFIER = "self.home-sensor-ios";
				PRODUCT_NAME = "$(TARGET_NAME)";
				SWIFT_EMIT_LOC_STRINGS = YES;
				SWIFT_VERSION = 5.0;
				TARGETED_DEVICE_FAMILY = "1,2";
			};
			name = Debug;
		};
		AD7095BE2AD18955003C3C74 /* Release */ = {
			isa = XCBuildConfiguration;
			baseConfigurationReference = C03160B2EED79DE94629F98D /* Pods-home-sensor-ios.release.xcconfig */;
			buildSettings = {
				ASSETCATALOG_COMPILER_APPICON_NAME = AppIcon;
				ASSETCATALOG_COMPILER_GLOBAL_ACCENT_COLOR_NAME = AccentColor;
				CODE_SIGN_STYLE = Automatic;
				CURRENT_PROJECT_VERSION = 1;
				DEVELOPMENT_ASSET_PATHS = "\"home-sensor-ios/Preview Content\"";
				ENABLE_PREVIEWS = YES;
				ENABLE_USER_SCRIPT_SANDBOXING = NO;
				GENERATE_INFOPLIST_FILE = YES;
				INFOPLIST_KEY_UIApplicationSceneManifest_Generation = YES;
				INFOPLIST_KEY_UIApplicationSupportsIndirectInputEvents = YES;
				INFOPLIST_KEY_UILaunchScreen_Generation = YES;
				INFOPLIST_KEY_UISupportedInterfaceOrientations_iPad = "UIInterfaceOrientationPortrait UIInterfaceOrientationPortraitUpsideDown UIInterfaceOrientationLandscapeLeft UIInterfaceOrientationLandscapeRight";
				INFOPLIST_KEY_UISupportedInterfaceOrientations_iPhone = "UIInterfaceOrientationPortrait UIInterfaceOrientationLandscapeLeft UIInterfaceOrientationLandscapeRight";
				LD_RUNPATH_SEARCH_PATHS = (
					"$(inherited)",
					"@executable_path/Frameworks",
				);
				MARKETING_VERSION = 1.0;
				PRODUCT_BUNDLE_IDENTIFIER = "self.home-sensor-ios";
				PRODUCT_NAME = "$(TARGET_NAME)";
				SWIFT_EMIT_LOC_STRINGS = YES;
				SWIFT_VERSION = 5.0;
				TARGETED_DEVICE_FAMILY = "1,2";
			};
			name = Release;
		};
		AD7095C02AD18955003C3C74 /* Debug */ = {
			isa = XCBuildConfiguration;
			baseConfigurationReference = FF7F739D2F61C3EBB8436F1A /* Pods-home-sensor-iosTests.debug.xcconfig */;
			buildSettings = {
				ALWAYS_EMBED_SWIFT_STANDARD_LIBRARIES = YES;
				BUNDLE_LOADER = "$(TEST_HOST)";
				CODE_SIGN_STYLE = Automatic;
				CURRENT_PROJECT_VERSION = 1;
				ENABLE_USER_SCRIPT_SANDBOXING = NO;
				GENERATE_INFOPLIST_FILE = YES;
				IPHONEOS_DEPLOYMENT_TARGET = 17.0;
				MARKETING_VERSION = 1.0;
				PRODUCT_BUNDLE_IDENTIFIER = "self.home-sensor-iosTests";
				PRODUCT_NAME = "$(TARGET_NAME)";
				SWIFT_EMIT_LOC_STRINGS = NO;
				SWIFT_VERSION = 5.0;
				TARGETED_DEVICE_FAMILY = "1,2";
				TEST_HOST = "$(BUILT_PRODUCTS_DIR)/home-sensor-ios.app/$(BUNDLE_EXECUTABLE_FOLDER_PATH)/home-sensor-ios";
			};
			name = Debug;
		};
		AD7095C12AD18955003C3C74 /* Release */ = {
			isa = XCBuildConfiguration;
			baseConfigurationReference = 9D88FABF09CBCA90B4B52D7A /* Pods-home-sensor-iosTests.release.xcconfig */;
			buildSettings = {
				ALWAYS_EMBED_SWIFT_STANDARD_LIBRARIES = YES;
				BUNDLE_LOADER = "$(TEST_HOST)";
				CODE_SIGN_STYLE = Automatic;
				CURRENT_PROJECT_VERSION = 1;
				ENABLE_USER_SCRIPT_SANDBOXING = NO;
				GENERATE_INFOPLIST_FILE = YES;
				IPHONEOS_DEPLOYMENT_TARGET = 17.0;
				MARKETING_VERSION = 1.0;
				PRODUCT_BUNDLE_IDENTIFIER = "self.home-sensor-iosTests";
				PRODUCT_NAME = "$(TARGET_NAME)";
				SWIFT_EMIT_LOC_STRINGS = NO;
				SWIFT_VERSION = 5.0;
				TARGETED_DEVICE_FAMILY = "1,2";
				TEST_HOST = "$(BUILT_PRODUCTS_DIR)/home-sensor-ios.app/$(BUNDLE_EXECUTABLE_FOLDER_PATH)/home-sensor-ios";
			};
			name = Release;
		};
		AD7095C32AD18955003C3C74 /* Debug */ = {
			isa = XCBuildConfiguration;
			baseConfigurationReference = 9A89E93DCCA60799B6CCB376 /* Pods-home-sensor-ios-home-sensor-iosUITests.debug.xcconfig */;
			buildSettings = {
				ALWAYS_EMBED_SWIFT_STANDARD_LIBRARIES = YES;
				CODE_SIGN_STYLE = Automatic;
				CURRENT_PROJECT_VERSION = 1;
				ENABLE_USER_SCRIPT_SANDBOXING = NO;
				GENERATE_INFOPLIST_FILE = YES;
				MARKETING_VERSION = 1.0;
				PRODUCT_BUNDLE_IDENTIFIER = "self.home-sensor-iosUITests";
				PRODUCT_NAME = "$(TARGET_NAME)";
				SWIFT_EMIT_LOC_STRINGS = NO;
				SWIFT_VERSION = 5.0;
				TARGETED_DEVICE_FAMILY = "1,2";
				TEST_TARGET_NAME = "home-sensor-ios";
			};
			name = Debug;
		};
		AD7095C42AD18955003C3C74 /* Release */ = {
			isa = XCBuildConfiguration;
			baseConfigurationReference = 49BCB93682A096FE62726061 /* Pods-home-sensor-ios-home-sensor-iosUITests.release.xcconfig */;
			buildSettings = {
				ALWAYS_EMBED_SWIFT_STANDARD_LIBRARIES = YES;
				CODE_SIGN_STYLE = Automatic;
				CURRENT_PROJECT_VERSION = 1;
				ENABLE_USER_SCRIPT_SANDBOXING = NO;
				GENERATE_INFOPLIST_FILE = YES;
				MARKETING_VERSION = 1.0;
				PRODUCT_BUNDLE_IDENTIFIER = "self.home-sensor-iosUITests";
				PRODUCT_NAME = "$(TARGET_NAME)";
				SWIFT_EMIT_LOC_STRINGS = NO;
				SWIFT_VERSION = 5.0;
				TARGETED_DEVICE_FAMILY = "1,2";
				TEST_TARGET_NAME = "home-sensor-ios";
			};
			name = Release;
		};
/* End XCBuildConfiguration section */

/* Begin XCConfigurationList section */
		AD7095932AD18952003C3C74 /* Build configuration list for PBXProject "home-sensor-ios" */ = {
			isa = XCConfigurationList;
			buildConfigurations = (
				AD7095BA2AD18955003C3C74 /* Debug */,
				AD7095BB2AD18955003C3C74 /* Release */,
			);
			defaultConfigurationIsVisible = 0;
			defaultConfigurationName = Release;
		};
		AD7095BC2AD18955003C3C74 /* Build configuration list for PBXNativeTarget "home-sensor-ios" */ = {
			isa = XCConfigurationList;
			buildConfigurations = (
				AD7095BD2AD18955003C3C74 /* Debug */,
				AD7095BE2AD18955003C3C74 /* Release */,
			);
			defaultConfigurationIsVisible = 0;
			defaultConfigurationName = Release;
		};
		AD7095BF2AD18955003C3C74 /* Build configuration list for PBXNativeTarget "home-sensor-iosTests" */ = {
			isa = XCConfigurationList;
			buildConfigurations = (
				AD7095C02AD18955003C3C74 /* Debug */,
				AD7095C12AD18955003C3C74 /* Release */,
			);
			defaultConfigurationIsVisible = 0;
			defaultConfigurationName = Release;
		};
		AD7095C22AD18955003C3C74 /* Build configuration list for PBXNativeTarget "home-sensor-iosUITests" */ = {
			isa = XCConfigurationList;
			buildConfigurations = (
				AD7095C32AD18955003C3C74 /* Debug */,
				AD7095C42AD18955003C3C74 /* Release */,
			);
			defaultConfigurationIsVisible = 0;
			defaultConfigurationName = Release;
		};
/* End XCConfigurationList section */
	};
	rootObject = AD7095902AD18952003C3C74 /* Project object */;
}
